
Microsoft Visual Studio Solution File, Format Version 12.00
# Visual Studio Version 16
VisualStudioVersion = 16.0.30413.136
MinimumVisualStudioVersion = 10.0.40219.1
Project("{FAE04EC0-301F-11D3-BF4B-00C04F79EFBC}") = "MetehanTopac_DersBilgileri", "MetehanTopac_DersBilgileri\MetehanTopac_DersBilgileri.csproj", "{833371DB-4CF6-4744-8EDE-830F509061F4}"
EndProject
Global
	GlobalSection(SolutionConfigurationPlatforms) = preSolution
		Debug|Any CPU = Debug|Any CPU
		Release|Any CPU = Release|Any CPU
	EndGlobalSection
	GlobalSection(ProjectConfigurationPlatforms) = postSolution
		{833371DB-4CF6-4744-8EDE-830F509061F4}.Debug|Any CPU.ActiveCfg = Debug|Any CPU
		{833371DB-4CF6-4744-8EDE-830F509061F4}.Debug|Any CPU.Build.0 = Debug|Any CPU
		{833371DB-4CF6-4744-8EDE-830F509061F4}.Release|Any CPU.ActiveCfg = Release|Any CPU
		{833371DB-4CF6-4744-8EDE-830F509061F4}.Release|Any CPU.Build.0 = Release|Any CPU
	EndGlobalSection
	GlobalSection(SolutionProperties) = preSolution
		HideSolutionNode = FALSE
	EndGlobalSection
	GlobalSection(ExtensibilityGlobals) = postSolution
		SolutionGuid = {0256F57C-8B7C-41AE-A5CE-0B7C378F3707}
	EndGlobalSection
EndGlobal
